// !$*UTF8*$!
{
	archiveVersion = 1;
	classes = {
	};
	objectVersion = 55;
	objects = {

/* Begin PBXBuildFile section */
		C914C8702735277B0093AFC3 /* AppDelegate.swift in Sources */ = {isa = PBXBuildFile; fileRef = C914C86F2735277B0093AFC3 /* AppDelegate.swift */; };
		C914C8722735277B0093AFC3 /* SceneDelegate.swift in Sources */ = {isa = PBXBuildFile; fileRef = C914C8712735277B0093AFC3 /* SceneDelegate.swift */; };
		C914C8742735277B0093AFC3 /* ViewController.swift in Sources */ = {isa = PBXBuildFile; fileRef = C914C8732735277B0093AFC3 /* ViewController.swift */; };
		C914C8772735277B0093AFC3 /* Main.storyboard in Resources */ = {isa = PBXBuildFile; fileRef = C914C8752735277B0093AFC3 /* Main.storyboard */; };
		C914C8792735277C0093AFC3 /* Assets.xcassets in Resources */ = {isa = PBXBuildFile; fileRef = C914C8782735277C0093AFC3 /* Assets.xcassets */; };
		C914C87C2735277C0093AFC3 /* LaunchScreen.storyboard in Resources */ = {isa = PBXBuildFile; fileRef = C914C87A2735277C0093AFC3 /* LaunchScreen.storyboard */; };
		C914C886273C29770093AFC3 /* MainViewController.swift in Sources */ = {isa = PBXBuildFile; fileRef = C914C885273C29770093AFC3 /* MainViewController.swift */; };
		C914C888273C29900093AFC3 /* StarredViewController.swift in Sources */ = {isa = PBXBuildFile; fileRef = C914C887273C29900093AFC3 /* StarredViewController.swift */; };
		C914C88A274105C00093AFC3 /* MyTabBarVC.swift in Sources */ = {isa = PBXBuildFile; fileRef = C914C889274105C00093AFC3 /* MyTabBarVC.swift */; };
		C914C88D274108E70093AFC3 /* MainTableViewCell.swift in Sources */ = {isa = PBXBuildFile; fileRef = C914C88B274108E70093AFC3 /* MainTableViewCell.swift */; };
		C914C88E274108E70093AFC3 /* MainTableViewCell.xib in Resources */ = {isa = PBXBuildFile; fileRef = C914C88C274108E70093AFC3 /* MainTableViewCell.xib */; };
		C914C89027410DA60093AFC3 /* dataModel.swift in Sources */ = {isa = PBXBuildFile; fileRef = C914C88F27410DA60093AFC3 /* dataModel.swift */; };
		C914C89227411A270093AFC3 /* GitHubService.swift in Sources */ = {isa = PBXBuildFile; fileRef = C914C89127411A260093AFC3 /* GitHubService.swift */; };
		C914C89827429F330093AFC3 /* TableViewCellCommit.swift in Sources */ = {isa = PBXBuildFile; fileRef = C914C89627429F330093AFC3 /* TableViewCellCommit.swift */; };
		C914C89927429F330093AFC3 /* TableViewCellCommit.xib in Resources */ = {isa = PBXBuildFile; fileRef = C914C89727429F330093AFC3 /* TableViewCellCommit.xib */; };
		C914C89B2742AE240093AFC3 /* DetailViewController.swift in Sources */ = {isa = PBXBuildFile; fileRef = C914C89A2742AE240093AFC3 /* DetailViewController.swift */; };
		C951AF4527492B9500D2C29E /* imagesService.swift in Sources */ = {isa = PBXBuildFile; fileRef = C951AF4427492B9500D2C29E /* imagesService.swift */; };
/* End PBXBuildFile section */

/* Begin PBXFileReference section */
		C914C86C2735277B0093AFC3 /* eduProject.app */ = {isa = PBXFileReference; explicitFileType = wrapper.application; includeInIndex = 0; path = eduProject.app; sourceTree = BUILT_PRODUCTS_DIR; };
		C914C86F2735277B0093AFC3 /* AppDelegate.swift */ = {isa = PBXFileReference; lastKnownFileType = sourcecode.swift; path = AppDelegate.swift; sourceTree = "<group>"; };
		C914C8712735277B0093AFC3 /* SceneDelegate.swift */ = {isa = PBXFileReference; lastKnownFileType = sourcecode.swift; path = SceneDelegate.swift; sourceTree = "<group>"; };
		C914C8732735277B0093AFC3 /* ViewController.swift */ = {isa = PBXFileReference; lastKnownFileType = sourcecode.swift; path = ViewController.swift; sourceTree = "<group>"; };
		C914C8762735277B0093AFC3 /* Base */ = {isa = PBXFileReference; lastKnownFileType = file.storyboard; name = Base; path = Base.lproj/Main.storyboard; sourceTree = "<group>"; };
		C914C8782735277C0093AFC3 /* Assets.xcassets */ = {isa = PBXFileReference; lastKnownFileType = folder.assetcatalog; path = Assets.xcassets; sourceTree = "<group>"; };
		C914C87B2735277C0093AFC3 /* Base */ = {isa = PBXFileReference; lastKnownFileType = file.storyboard; name = Base; path = Base.lproj/LaunchScreen.storyboard; sourceTree = "<group>"; };
		C914C87D2735277C0093AFC3 /* Info.plist */ = {isa = PBXFileReference; lastKnownFileType = text.plist.xml; path = Info.plist; sourceTree = "<group>"; };
		C914C885273C29770093AFC3 /* MainViewController.swift */ = {isa = PBXFileReference; lastKnownFileType = sourcecode.swift; path = MainViewController.swift; sourceTree = "<group>"; };
		C914C887273C29900093AFC3 /* StarredViewController.swift */ = {isa = PBXFileReference; lastKnownFileType = sourcecode.swift; path = StarredViewController.swift; sourceTree = "<group>"; };
		C914C889274105C00093AFC3 /* MyTabBarVC.swift */ = {isa = PBXFileReference; lastKnownFileType = sourcecode.swift; path = MyTabBarVC.swift; sourceTree = "<group>"; };
		C914C88B274108E70093AFC3 /* MainTableViewCell.swift */ = {isa = PBXFileReference; lastKnownFileType = sourcecode.swift; path = MainTableViewCell.swift; sourceTree = "<group>"; };
		C914C88C274108E70093AFC3 /* MainTableViewCell.xib */ = {isa = PBXFileReference; lastKnownFileType = file.xib; path = MainTableViewCell.xib; sourceTree = "<group>"; };
		C914C88F27410DA60093AFC3 /* dataModel.swift */ = {isa = PBXFileReference; lastKnownFileType = sourcecode.swift; path = dataModel.swift; sourceTree = "<group>"; };
		C914C89127411A260093AFC3 /* GitHubService.swift */ = {isa = PBXFileReference; lastKnownFileType = sourcecode.swift; path = GitHubService.swift; sourceTree = "<group>"; };
		C914C89627429F330093AFC3 /* TableViewCellCommit.swift */ = {isa = PBXFileReference; lastKnownFileType = sourcecode.swift; path = TableViewCellCommit.swift; sourceTree = "<group>"; };
		C914C89727429F330093AFC3 /* TableViewCellCommit.xib */ = {isa = PBXFileReference; lastKnownFileType = file.xib; path = TableViewCellCommit.xib; sourceTree = "<group>"; };
		C914C89A2742AE240093AFC3 /* DetailViewController.swift */ = {isa = PBXFileReference; lastKnownFileType = sourcecode.swift; path = DetailViewController.swift; sourceTree = "<group>"; };
		C951AF4427492B9500D2C29E /* imagesService.swift */ = {isa = PBXFileReference; lastKnownFileType = sourcecode.swift; path = imagesService.swift; sourceTree = "<group>"; };
/* End PBXFileReference section */

/* Begin PBXFrameworksBuildPhase section */
		C914C8692735277B0093AFC3 /* Frameworks */ = {
			isa = PBXFrameworksBuildPhase;
			buildActionMask = 2147483647;
			files = (
			);
			runOnlyForDeploymentPostprocessing = 0;
		};
/* End PBXFrameworksBuildPhase section */

/* Begin PBXGroup section */
		C914C8632735277B0093AFC3 = {
			isa = PBXGroup;
			children = (
				C914C86E2735277B0093AFC3 /* eduProject */,
				C914C86D2735277B0093AFC3 /* Products */,
			);
			sourceTree = "<group>";
		};
		C914C86D2735277B0093AFC3 /* Products */ = {
			isa = PBXGroup;
			children = (
				C914C86C2735277B0093AFC3 /* eduProject.app */,
			);
			name = Products;
			sourceTree = "<group>";
		};
		C914C86E2735277B0093AFC3 /* eduProject */ = {
			isa = PBXGroup;
			children = (
				C914C895274178F10093AFC3 /* View */,
				C914C894274178D80093AFC3 /* Model */,
				C914C893274178C30093AFC3 /* NetWork */,
				C914C86F2735277B0093AFC3 /* AppDelegate.swift */,
				C914C8712735277B0093AFC3 /* SceneDelegate.swift */,
				C914C8782735277C0093AFC3 /* Assets.xcassets */,
				C914C87A2735277C0093AFC3 /* LaunchScreen.storyboard */,
				C914C87D2735277C0093AFC3 /* Info.plist */,
			);
			path = eduProject;
			sourceTree = "<group>";
		};
		C914C893274178C30093AFC3 /* NetWork */ = {
			isa = PBXGroup;
			children = (
				C951AF4427492B9500D2C29E /* imagesService.swift */,
				C914C89127411A260093AFC3 /* GitHubService.swift */,
			);
			path = NetWork;
			sourceTree = "<group>";
		};
		C914C894274178D80093AFC3 /* Model */ = {
			isa = PBXGroup;
			children = (
				C914C88F27410DA60093AFC3 /* dataModel.swift */,
			);
			path = Model;
			sourceTree = "<group>";
		};
		C914C895274178F10093AFC3 /* View */ = {
			isa = PBXGroup;
			children = (
				C914C8732735277B0093AFC3 /* ViewController.swift */,
				C914C89A2742AE240093AFC3 /* DetailViewController.swift */,
				C914C887273C29900093AFC3 /* StarredViewController.swift */,
				C914C88B274108E70093AFC3 /* MainTableViewCell.swift */,
				C914C88C274108E70093AFC3 /* MainTableViewCell.xib */,
				C914C89627429F330093AFC3 /* TableViewCellCommit.swift */,
				C914C89727429F330093AFC3 /* TableViewCellCommit.xib */,
				C914C8752735277B0093AFC3 /* Main.storyboard */,
				C914C885273C29770093AFC3 /* MainViewController.swift */,
				C914C889274105C00093AFC3 /* MyTabBarVC.swift */,
			);
			path = View;
			sourceTree = "<group>";
		};
/* End PBXGroup section */

/* Begin PBXNativeTarget section */
		C914C86B2735277B0093AFC3 /* eduProject */ = {
			isa = PBXNativeTarget;
			buildConfigurationList = C914C8802735277C0093AFC3 /* Build configuration list for PBXNativeTarget "eduProject" */;
			buildPhases = (
				C914C8682735277B0093AFC3 /* Sources */,
				C914C8692735277B0093AFC3 /* Frameworks */,
				C914C86A2735277B0093AFC3 /* Resources */,
			);
			buildRules = (
			);
			dependencies = (
			);
			name = eduProject;
			productName = eduProject;
			productReference = C914C86C2735277B0093AFC3 /* eduProject.app */;
			productType = "com.apple.product-type.application";
		};
/* End PBXNativeTarget section */

/* Begin PBXProject section */
		C914C8642735277B0093AFC3 /* Project object */ = {
			isa = PBXProject;
			attributes = {
				BuildIndependentTargetsInParallel = 1;
				LastSwiftUpdateCheck = 1310;
				LastUpgradeCheck = 1310;
				TargetAttributes = {
					C914C86B2735277B0093AFC3 = {
						CreatedOnToolsVersion = 13.1;
					};
				};
			};
			buildConfigurationList = C914C8672735277B0093AFC3 /* Build configuration list for PBXProject "eduProject" */;
			compatibilityVersion = "Xcode 13.0";
			developmentRegion = en;
			hasScannedForEncodings = 0;
			knownRegions = (
				en,
				Base,
			);
			mainGroup = C914C8632735277B0093AFC3;
			productRefGroup = C914C86D2735277B0093AFC3 /* Products */;
			projectDirPath = "";
			projectRoot = "";
			targets = (
				C914C86B2735277B0093AFC3 /* eduProject */,
			);
		};
/* End PBXProject section */

/* Begin PBXResourcesBuildPhase section */
		C914C86A2735277B0093AFC3 /* Resources */ = {
			isa = PBXResourcesBuildPhase;
			buildActionMask = 2147483647;
			files = (
				C914C87C2735277C0093AFC3 /* LaunchScreen.storyboard in Resources */,
				C914C8792735277C0093AFC3 /* Assets.xcassets in Resources */,
				C914C88E274108E70093AFC3 /* MainTableViewCell.xib in Resources */,
				C914C8772735277B0093AFC3 /* Main.storyboard in Resources */,
				C914C89927429F330093AFC3 /* TableViewCellCommit.xib in Resources */,
			);
			runOnlyForDeploymentPostprocessing = 0;
		};
/* End PBXResourcesBuildPhase section */

/* Begin PBXSourcesBuildPhase section */
		C914C8682735277B0093AFC3 /* Sources */ = {
			isa = PBXSourcesBuildPhase;
			buildActionMask = 2147483647;
			files = (
				C914C89B2742AE240093AFC3 /* DetailViewController.swift in Sources */,
				C914C888273C29900093AFC3 /* StarredViewController.swift in Sources */,
				C914C8742735277B0093AFC3 /* ViewController.swift in Sources */,
				C914C89827429F330093AFC3 /* TableViewCellCommit.swift in Sources */,
				C914C8702735277B0093AFC3 /* AppDelegate.swift in Sources */,
				C951AF4527492B9500D2C29E /* imagesService.swift in Sources */,
				C914C88D274108E70093AFC3 /* MainTableViewCell.swift in Sources */,
				C914C89227411A270093AFC3 /* GitHubService.swift in Sources */,
				C914C8722735277B0093AFC3 /* SceneDelegate.swift in Sources */,
				C914C89027410DA60093AFC3 /* dataModel.swift in Sources */,
				C914C88A274105C00093AFC3 /* MyTabBarVC.swift in Sources */,
				C914C886273C29770093AFC3 /* MainViewController.swift in Sources */,
			);
			runOnlyForDeploymentPostprocessing = 0;
		};
/* End PBXSourcesBuildPhase section */

/* Begin PBXVariantGroup section */
		C914C8752735277B0093AFC3 /* Main.storyboard */ = {
			isa = PBXVariantGroup;
			children = (
				C914C8762735277B0093AFC3 /* Base */,
			);
			name = Main.storyboard;
			sourceTree = "<group>";
		};
		C914C87A2735277C0093AFC3 /* LaunchScreen.storyboard */ = {
			isa = PBXVariantGroup;
			children = (
				C914C87B2735277C0093AFC3 /* Base */,
			);
			name = LaunchScreen.storyboard;
			sourceTree = "<group>";
		};
/* End PBXVariantGroup section */

/* Begin XCBuildConfiguration section */
		C914C87E2735277C0093AFC3 /* Debug */ = {
			isa = XCBuildConfiguration;
			buildSettings = {
				ALWAYS_SEARCH_USER_PATHS = NO;
				CLANG_ANALYZER_NONNULL = YES;
				CLANG_ANALYZER_NUMBER_OBJECT_CONVERSION = YES_AGGRESSIVE;
				CLANG_CXX_LANGUAGE_STANDARD = "gnu++17";
				CLANG_CXX_LIBRARY = "libc++";
				CLANG_ENABLE_MODULES = YES;
				CLANG_ENABLE_OBJC_ARC = YES;
				CLANG_ENABLE_OBJC_WEAK = YES;
				CLANG_WARN_BLOCK_CAPTURE_AUTORELEASING = YES;
				CLANG_WARN_BOOL_CONVERSION = YES;
				CLANG_WARN_COMMA = YES;
				CLANG_WARN_CONSTANT_CONVERSION = YES;
				CLANG_WARN_DEPRECATED_OBJC_IMPLEMENTATIONS = YES;
				CLANG_WARN_DIRECT_OBJC_ISA_USAGE = YES_ERROR;
				CLANG_WARN_DOCUMENTATION_COMMENTS = YES;
				CLANG_WARN_EMPTY_BODY = YES;
				CLANG_WARN_ENUM_CONVERSION = YES;
				CLANG_WARN_INFINITE_RECURSION = YES;
				CLANG_WARN_INT_CONVERSION = YES;
				CLANG_WARN_NON_LITERAL_NULL_CONVERSION = YES;
				CLANG_WARN_OBJC_IMPLICIT_RETAIN_SELF = YES;
				CLANG_WARN_OBJC_LITERAL_CONVERSION = YES;
				CLANG_WARN_OBJC_ROOT_CLASS = YES_ERROR;
				CLANG_WARN_QUOTED_INCLUDE_IN_FRAMEWORK_HEADER = YES;
				CLANG_WARN_RANGE_LOOP_ANALYSIS = YES;
				CLANG_WARN_STRICT_PROTOTYPES = YES;
				CLANG_WARN_SUSPICIOUS_MOVE = YES;
				CLANG_WARN_UNGUARDED_AVAILABILITY = YES_AGGRESSIVE;
				CLANG_WARN_UNREACHABLE_CODE = YES;
				CLANG_WARN__DUPLICATE_METHOD_MATCH = YES;
				COPY_PHASE_STRIP = NO;
				DEBUG_INFORMATION_FORMAT = dwarf;
				ENABLE_STRICT_OBJC_MSGSEND = YES;
				ENABLE_TESTABILITY = YES;
				GCC_C_LANGUAGE_STANDARD = gnu11;
				GCC_DYNAMIC_NO_PIC = NO;
				GCC_NO_COMMON_BLOCKS = YES;
				GCC_OPTIMIZATION_LEVEL = 0;
				GCC_PREPROCESSOR_DEFINITIONS = (
					"DEBUG=1",
					"$(inherited)",
				);
				GCC_WARN_64_TO_32_BIT_CONVERSION = YES;
				GCC_WARN_ABOUT_RETURN_TYPE = YES_ERROR;
				GCC_WARN_UNDECLARED_SELECTOR = YES;
				GCC_WARN_UNINITIALIZED_AUTOS = YES_AGGRESSIVE;
				GCC_WARN_UNUSED_FUNCTION = YES;
				GCC_WARN_UNUSED_VARIABLE = YES;
				IPHONEOS_DEPLOYMENT_TARGET = 15.0;
				MTL_ENABLE_DEBUG_INFO = INCLUDE_SOURCE;
				MTL_FAST_MATH = YES;
				ONLY_ACTIVE_ARCH = YES;
				SDKROOT = iphoneos;
				SWIFT_ACTIVE_COMPILATION_CONDITIONS = DEBUG;
				SWIFT_OPTIMIZATION_LEVEL = "-Onone";
			};
			name = Debug;
		};
		C914C87F2735277C0093AFC3 /* Release */ = {
			isa = XCBuildConfiguration;
			buildSettings = {
				ALWAYS_SEARCH_USER_PATHS = NO;
				CLANG_ANALYZER_NONNULL = YES;
				CLANG_ANALYZER_NUMBER_OBJECT_CONVERSION = YES_AGGRESSIVE;
				CLANG_CXX_LANGUAGE_STANDARD = "gnu++17";
				CLANG_CXX_LIBRARY = "libc++";
				CLANG_ENABLE_MODULES = YES;
				CLANG_ENABLE_OBJC_ARC = YES;
				CLANG_ENABLE_OBJC_WEAK = YES;
				CLANG_WARN_BLOCK_CAPTURE_AUTORELEASING = YES;
				CLANG_WARN_BOOL_CONVERSION = YES;
				CLANG_WARN_COMMA = YES;
				CLANG_WARN_CONSTANT_CONVERSION = YES;
				CLANG_WARN_DEPRECATED_OBJC_IMPLEMENTATIONS = YES;
				CLANG_WARN_DIRECT_OBJC_ISA_USAGE = YES_ERROR;
				CLANG_WARN_DOCUMENTATION_COMMENTS = YES;
				CLANG_WARN_EMPTY_BODY = YES;
				CLANG_WARN_ENUM_CONVERSION = YES;
				CLANG_WARN_INFINITE_RECURSION = YES;
				CLANG_WARN_INT_CONVERSION = YES;
				CLANG_WARN_NON_LITERAL_NULL_CONVERSION = YES;
				CLANG_WARN_OBJC_IMPLICIT_RETAIN_SELF = YES;
				CLANG_WARN_OBJC_LITERAL_CONVERSION = YES;
				CLANG_WARN_OBJC_ROOT_CLASS = YES_ERROR;
				CLANG_WARN_QUOTED_INCLUDE_IN_FRAMEWORK_HEADER = YES;
				CLANG_WARN_RANGE_LOOP_ANALYSIS = YES;
				CLANG_WARN_STRICT_PROTOTYPES = YES;
				CLANG_WARN_SUSPICIOUS_MOVE = YES;
				CLANG_WARN_UNGUARDED_AVAILABILITY = YES_AGGRESSIVE;
				CLANG_WARN_UNREACHABLE_CODE = YES;
				CLANG_WARN__DUPLICATE_METHOD_MATCH = YES;
				COPY_PHASE_STRIP = NO;
				DEBUG_INFORMATION_FORMAT = "dwarf-with-dsym";
				ENABLE_NS_ASSERTIONS = NO;
				ENABLE_STRICT_OBJC_MSGSEND = YES;
				GCC_C_LANGUAGE_STANDARD = gnu11;
				GCC_NO_COMMON_BLOCKS = YES;
				GCC_WARN_64_TO_32_BIT_CONVERSION = YES;
				GCC_WARN_ABOUT_RETURN_TYPE = YES_ERROR;
				GCC_WARN_UNDECLARED_SELECTOR = YES;
				GCC_WARN_UNINITIALIZED_AUTOS = YES_AGGRESSIVE;
				GCC_WARN_UNUSED_FUNCTION = YES;
				GCC_WARN_UNUSED_VARIABLE = YES;
				IPHONEOS_DEPLOYMENT_TARGET = 15.0;
				MTL_ENABLE_DEBUG_INFO = NO;
				MTL_FAST_MATH = YES;
				SDKROOT = iphoneos;
				SWIFT_COMPILATION_MODE = wholemodule;
				SWIFT_OPTIMIZATION_LEVEL = "-O";
				VALIDATE_PRODUCT = YES;
			};
			name = Release;
		};
		C914C8812735277C0093AFC3 /* Debug */ = {
			isa = XCBuildConfiguration;
			buildSettings = {
				ASSETCATALOG_COMPILER_APPICON_NAME = AppIcon;
				ASSETCATALOG_COMPILER_GLOBAL_ACCENT_COLOR_NAME = AccentColor;
				CODE_SIGN_STYLE = Automatic;
				CURRENT_PROJECT_VERSION = 1;
				DEVELOPMENT_TEAM = GQ7L7Q6ZY5;
				GENERATE_INFOPLIST_FILE = YES;
				INFOPLIST_FILE = eduProject/Info.plist;
				INFOPLIST_KEY_UIApplicationSupportsIndirectInputEvents = YES;
				INFOPLIST_KEY_UILaunchStoryboardName = LaunchScreen;
				INFOPLIST_KEY_UIMainStoryboardFile = Main;
				INFOPLIST_KEY_UISupportedInterfaceOrientations_iPad = "UIInterfaceOrientationPortrait UIInterfaceOrientationPortraitUpsideDown UIInterfaceOrientationLandscapeLeft UIInterfaceOrientationLandscapeRight";
				INFOPLIST_KEY_UISupportedInterfaceOrientations_iPhone = "UIInterfaceOrientationPortrait UIInterfaceOrientationLandscapeLeft UIInterfaceOrientationLandscapeRight";
				LD_RUNPATH_SEARCH_PATHS = (
					"$(inherited)",
					"@executable_path/Frameworks",
				);
				MARKETING_VERSION = 1.0;
				PRODUCT_BUNDLE_IDENTIFIER = XXX.eduProjectUniqId;
				PRODUCT_NAME = "$(TARGET_NAME)";
				SWIFT_EMIT_LOC_STRINGS = YES;
				SWIFT_VERSION = 5.0;
				TARGETED_DEVICE_FAMILY = "1,2";
			};
			name = Debug;
		};
		C914C8822735277C0093AFC3 /* Release */ = {
			isa = XCBuildConfiguration;
			buildSettings = {
				ASSETCATALOG_COMPILER_APPICON_NAME = AppIcon;
				ASSETCATALOG_COMPILER_GLOBAL_ACCENT_COLOR_NAME = AccentColor;
				CODE_SIGN_STYLE = Automatic;
				CURRENT_PROJECT_VERSION = 1;
				DEVELOPMENT_TEAM = GQ7L7Q6ZY5;
				GENERATE_INFOPLIST_FILE = YES;
				INFOPLIST_FILE = eduProject/Info.plist;
				INFOPLIST_KEY_UIApplicationSupportsIndirectInputEvents = YES;
				INFOPLIST_KEY_UILaunchStoryboardName = LaunchScreen;
				INFOPLIST_KEY_UIMainStoryboardFile = Main;
				INFOPLIST_KEY_UISupportedInterfaceOrientations_iPad = "UIInterfaceOrientationPortrait UIInterfaceOrientationPortraitUpsideDown UIInterfaceOrientationLandscapeLeft UIInterfaceOrientationLandscapeRight";
				INFOPLIST_KEY_UISupportedInterfaceOrientations_iPhone = "UIInterfaceOrientationPortrait UIInterfaceOrientationLandscapeLeft UIInterfaceOrientationLandscapeRight";
				LD_RUNPATH_SEARCH_PATHS = (
					"$(inherited)",
					"@executable_path/Frameworks",
				);
				MARKETING_VERSION = 1.0;
				PRODUCT_BUNDLE_IDENTIFIER = XXX.eduProjectId;
				PRODUCT_NAME = "$(TARGET_NAME)";
				SWIFT_EMIT_LOC_STRINGS = YES;
				SWIFT_VERSION = 5.0;
				TARGETED_DEVICE_FAMILY = "1,2";
			};
			name = Release;
		};
/* End XCBuildConfiguration section */

/* Begin XCConfigurationList section */
		C914C8672735277B0093AFC3 /* Build configuration list for PBXProject "eduProject" */ = {
			isa = XCConfigurationList;
			buildConfigurations = (
				C914C87E2735277C0093AFC3 /* Debug */,
				C914C87F2735277C0093AFC3 /* Release */,
			);
			defaultConfigurationIsVisible = 0;
			defaultConfigurationName = Release;
		};
		C914C8802735277C0093AFC3 /* Build configuration list for PBXNativeTarget "eduProject" */ = {
			isa = XCConfigurationList;
			buildConfigurations = (
				C914C8812735277C0093AFC3 /* Debug */,
				C914C8822735277C0093AFC3 /* Release */,
			);
			defaultConfigurationIsVisible = 0;
			defaultConfigurationName = Release;
		};
/* End XCConfigurationList section */
	};
	rootObject = C914C8642735277B0093AFC3 /* Project object */;
}
